
Microsoft Visual Studio Solution File, Format Version 12.00
# Visual Studio Version 17
VisualStudioVersion = 17.2.32602.215
MinimumVisualStudioVersion = 10.0.40219.1
Project("{2150E333-8FDC-42A3-9474-1A3956D46DE8}") = "TicketsApp", "TicketsApp", "{DE74C21E-57BD-4710-80C9-AAEEA9254DE2}"
EndProject
Project("{FAE04EC0-301F-11D3-BF4B-00C04F79EFBC}") = "TicketsApp.Domain", "TicketsApp\TicketsApp.Domain\TicketsApp.Domain.csproj", "{B3C779F6-5F44-499A-ACE3-B015A4426CB7}"
EndProject
Project("{FAE04EC0-301F-11D3-BF4B-00C04F79EFBC}") = "TicketsApp.Repository", "TicketsApp\TicketsApp.Repository\TicketsApp.Repository.csproj", "{C0B44581-FE90-41AE-B03A-A366025F90C9}"
EndProject
Project("{FAE04EC0-301F-11D3-BF4B-00C04F79EFBC}") = "TicketsApp.Services", "TicketsApp\TicketsApp.Services\TicketsApp.Services.csproj", "{3F625B45-F652-4E35-BD04-3285E02D5D03}"
EndProject
Project("{9A19103F-16F7-4668-BE54-9A1E7A4F7556}") = "TicketsApp.Web", "..\TicketsApp\TicketsApp\TicketsApp.Web.csproj", "{C697A0B1-5C12-4A4C-A2D8-16EF14080590}"
EndProject
Global
	GlobalSection(SolutionConfigurationPlatforms) = preSolution
		Debug|Any CPU = Debug|Any CPU
		Release|Any CPU = Release|Any CPU
	EndGlobalSection
	GlobalSection(ProjectConfigurationPlatforms) = postSolution
		{B3C779F6-5F44-499A-ACE3-B015A4426CB7}.Debug|Any CPU.ActiveCfg = Debug|Any CPU
		{B3C779F6-5F44-499A-ACE3-B015A4426CB7}.Debug|Any CPU.Build.0 = Debug|Any CPU
		{B3C779F6-5F44-499A-ACE3-B015A4426CB7}.Release|Any CPU.ActiveCfg = Release|Any CPU
		{B3C779F6-5F44-499A-ACE3-B015A4426CB7}.Release|Any CPU.Build.0 = Release|Any CPU
		{C0B44581-FE90-41AE-B03A-A366025F90C9}.Debug|Any CPU.ActiveCfg = Debug|Any CPU
		{C0B44581-FE90-41AE-B03A-A366025F90C9}.Debug|Any CPU.Build.0 = Debug|Any CPU
		{C0B44581-FE90-41AE-B03A-A366025F90C9}.Release|Any CPU.ActiveCfg = Release|Any CPU
		{C0B44581-FE90-41AE-B03A-A366025F90C9}.Release|Any CPU.Build.0 = Release|Any CPU
		{3F625B45-F652-4E35-BD04-3285E02D5D03}.Debug|Any CPU.ActiveCfg = Debug|Any CPU
		{3F625B45-F652-4E35-BD04-3285E02D5D03}.Debug|Any CPU.Build.0 = Debug|Any CPU
		{3F625B45-F652-4E35-BD04-3285E02D5D03}.Release|Any CPU.ActiveCfg = Release|Any CPU
		{3F625B45-F652-4E35-BD04-3285E02D5D03}.Release|Any CPU.Build.0 = Release|Any CPU
		{C697A0B1-5C12-4A4C-A2D8-16EF14080590}.Debug|Any CPU.ActiveCfg = Debug|Any CPU
		{C697A0B1-5C12-4A4C-A2D8-16EF14080590}.Debug|Any CPU.Build.0 = Debug|Any CPU
		{C697A0B1-5C12-4A4C-A2D8-16EF14080590}.Release|Any CPU.ActiveCfg = Release|Any CPU
		{C697A0B1-5C12-4A4C-A2D8-16EF14080590}.Release|Any CPU.Build.0 = Release|Any CPU
	EndGlobalSection
	GlobalSection(SolutionProperties) = preSolution
		HideSolutionNode = FALSE
	EndGlobalSection
	GlobalSection(NestedProjects) = preSolution
		{B3C779F6-5F44-499A-ACE3-B015A4426CB7} = {DE74C21E-57BD-4710-80C9-AAEEA9254DE2}
		{C0B44581-FE90-41AE-B03A-A366025F90C9} = {DE74C21E-57BD-4710-80C9-AAEEA9254DE2}
		{3F625B45-F652-4E35-BD04-3285E02D5D03} = {DE74C21E-57BD-4710-80C9-AAEEA9254DE2}
		{C697A0B1-5C12-4A4C-A2D8-16EF14080590} = {DE74C21E-57BD-4710-80C9-AAEEA9254DE2}
	EndGlobalSection
	GlobalSection(ExtensibilityGlobals) = postSolution
		SolutionGuid = {34E7E900-6408-4A00-AEBF-DD316A7DA137}
	EndGlobalSection
EndGlobal
